
Microsoft Visual Studio Solution File, Format Version 12.00
# Visual Studio Version 17
VisualStudioVersion = 17.8.34511.84
MinimumVisualStudioVersion = 10.0.40219.1
Project("{FAE04EC0-301F-11D3-BF4B-00C04F79EFBC}") = "GeometryApplication", "GeometryApplication.csproj", "{CFB9B33E-65C7-4DA4-B090-98E8CA38A687}"
EndProject
Project("{FAE04EC0-301F-11D3-BF4B-00C04F79EFBC}") = "GeometryClassLib", "..\GeometryClassLib\GeometryClassLib.csproj", "{1269A643-1CED-47CA-9673-EE6DC2C5D8DB}"
EndProject
Project("{FAE04EC0-301F-11D3-BF4B-00C04F79EFBC}") = "Geometrytest", "..\Geometrytest\Geometrytest.csproj", "{04DBF161-57F8-48AE-9404-748D4626CDFE}"
EndProject
Global
	GlobalSection(SolutionConfigurationPlatforms) = preSolution
		Debug|Any CPU = Debug|Any CPU
		Release|Any CPU = Release|Any CPU
	EndGlobalSection
	GlobalSection(ProjectConfigurationPlatforms) = postSolution
		{CFB9B33E-65C7-4DA4-B090-98E8CA38A687}.Debug|Any CPU.ActiveCfg = Debug|Any CPU
		{CFB9B33E-65C7-4DA4-B090-98E8CA38A687}.Debug|Any CPU.Build.0 = Debug|Any CPU
		{CFB9B33E-65C7-4DA4-B090-98E8CA38A687}.Release|Any CPU.ActiveCfg = Release|Any CPU
		{CFB9B33E-65C7-4DA4-B090-98E8CA38A687}.Release|Any CPU.Build.0 = Release|Any CPU
		{1269A643-1CED-47CA-9673-EE6DC2C5D8DB}.Debug|Any CPU.ActiveCfg = Debug|Any CPU
		{1269A643-1CED-47CA-9673-EE6DC2C5D8DB}.Debug|Any CPU.Build.0 = Debug|Any CPU
		{1269A643-1CED-47CA-9673-EE6DC2C5D8DB}.Release|Any CPU.ActiveCfg = Release|Any CPU
		{1269A643-1CED-47CA-9673-EE6DC2C5D8DB}.Release|Any CPU.Build.0 = Release|Any CPU
		{04DBF161-57F8-48AE-9404-748D4626CDFE}.Debug|Any CPU.ActiveCfg = Debug|Any CPU
		{04DBF161-57F8-48AE-9404-748D4626CDFE}.Debug|Any CPU.Build.0 = Debug|Any CPU
		{04DBF161-57F8-48AE-9404-748D4626CDFE}.Release|Any CPU.ActiveCfg = Release|Any CPU
		{04DBF161-57F8-48AE-9404-748D4626CDFE}.Release|Any CPU.Build.0 = Release|Any CPU
	EndGlobalSection
	GlobalSection(SolutionProperties) = preSolution
		HideSolutionNode = FALSE
	EndGlobalSection
	GlobalSection(ExtensibilityGlobals) = postSolution
		SolutionGuid = {0452DAB5-09E3-4EC1-B4E2-A400CAD63411}
	EndGlobalSection
EndGlobal
